schema: '2.0'
stages:
  get_data:
    cmd: python scripts/data.py
    deps:
    - path: scripts/data.py
      hash: md5
      md5: 691fe2ffb9a9473f6d6c869c5c728b09
      size: 1495
    params:
      params.yaml:
        index_col: customer_id
    outs:
    - path: data/initial_data.csv
      hash: md5
      md5: 8fba05f61d4384743b6d99f43203b3b7
      size: 899316
  fit_model:
    cmd: python scripts/fit.py
    deps:
    - path: data/initial_data.csv
      hash: md5
      md5: 8fba05f61d4384743b6d99f43203b3b7
      size: 899316
    - path: scripts/fit.py
      hash: md5
      md5: f0ea3d0bf45eb1894b60631a45726abd
      size: 2075
    params:
      params.yaml:
        index_col: customer_id
        one_hot_drop: if_binary
        target_col: target
    outs:
    - path: models/fitted_model.pkl
      hash: md5
      md5: e37c8733a0ccdf17d000c933998a042a
      size: 10990
  evaluate_model:
    cmd: python scripts/evaluate.py
    deps:
    - path: models/fitted_model.pkl
      hash: md5
      md5: e37c8733a0ccdf17d000c933998a042a
      size: 10990
    - path: scripts/evaluate.py
      hash: md5
      md5: 99223e883598bfb70fd31814ffd9fdac
      size: 1552
    params:
      params.yaml:
        index_col: customer_id
        metrics:
        - f1
        - roc_auc
        n_jobs: -1
        n_splits: 5
        target_col: target
    outs:
    - path: cv_results/cv_res.json
      hash: md5
      md5: a1dd7db2fcc849610cd0a0a5c0ff8548
      size: 85
