schema: '2.0'
stages:
  get_data:
    cmd: python scripts/data.py
    deps:
    - path: scripts/data.py
      hash: md5
      md5: 691fe2ffb9a9473f6d6c869c5c728b09
      size: 1495
    params:
      params.yaml:
        index_col: customer_id
    outs:
    - path: data/initial_data.csv
      hash: md5
      md5: 8fba05f61d4384743b6d99f43203b3b7
      size: 899316
      cloud:
        mle_storage:
          etag: 8fba05f61d4384743b6d99f43203b3b7
          version_id: 00063DD5F86F7180
  fit_model:
    cmd: python scripts/fit.py
    deps:
    - path: data/initial_data.csv
      hash: md5
      md5: 8fba05f61d4384743b6d99f43203b3b7
      size: 899316
    - path: scripts/fit.py
      hash: md5
      md5: 71f01bce72566ebec3e1c1c61f40590a
      size: 2134
    params:
      params.yaml:
        id_col: id
        index_col: customer_id
        one_hot_drop: if_binary
        target_col: target
    outs:
    - path: models/fitted_model.pkl
      hash: md5
      md5: 8aa77f2212841c9e8922f8a10154c613
      size: 10974
  evaluate_model:
    cmd: python scripts/evaluate.py
    deps:
    - path: models/fitted_model.pkl
      hash: md5
      md5: 8aa77f2212841c9e8922f8a10154c613
      size: 10974
    - path: scripts/evaluate.py
      hash: md5
      md5: 22076cf314c616b8a73d437a9e6ae31d
      size: 1632
    params:
      params.yaml:
        id_col: id
        index_col: customer_id
        metrics:
        - f1
        - roc_auc
        n_jobs: -1
        n_splits: 5
        target_col: target
    outs:
    - path: cv_results/cv_res.json
      hash: md5
      md5: 4ce9bf0ecc457feadee21e4c24a6c78f
      size: 85
